
Microsoft Visual Studio Solution File, Format Version 12.00
# Visual Studio Version 17
VisualStudioVersion = 17.8.34511.84
MinimumVisualStudioVersion = 10.0.40219.1
Project("{FAE04EC0-301F-11D3-BF4B-00C04F79EFBC}") = "checkout2", "checkout2\checkout2.csproj", "{0B634DEA-4C22-4967-8517-1E27118AFD6B}"
EndProject
Global
	GlobalSection(SolutionConfigurationPlatforms) = preSolution
		Debug|Any CPU = Debug|Any CPU
		Release|Any CPU = Release|Any CPU
	EndGlobalSection
	GlobalSection(ProjectConfigurationPlatforms) = postSolution
		{0B634DEA-4C22-4967-8517-1E27118AFD6B}.Debug|Any CPU.ActiveCfg = Debug|Any CPU
		{0B634DEA-4C22-4967-8517-1E27118AFD6B}.Debug|Any CPU.Build.0 = Debug|Any CPU
		{0B634DEA-4C22-4967-8517-1E27118AFD6B}.Release|Any CPU.ActiveCfg = Release|Any CPU
		{0B634DEA-4C22-4967-8517-1E27118AFD6B}.Release|Any CPU.Build.0 = Release|Any CPU
	EndGlobalSection
	GlobalSection(SolutionProperties) = preSolution
		HideSolutionNode = FALSE
	EndGlobalSection
	GlobalSection(ExtensibilityGlobals) = postSolution
		SolutionGuid = {A7788E31-404E-46C0-B5FD-436E6E9881FE}
	EndGlobalSection
EndGlobal
